
Microsoft Visual Studio Solution File, Format Version 12.00
# Visual Studio Version 16
VisualStudioVersion = 16.0.28729.10
MinimumVisualStudioVersion = 10.0.40219.1
Project("{D954291E-2A0B-460D-934E-DC6B0785DB48}") = "App.UI", "TestApp\TestApp\App.UI.shproj", "{F9AA70D3-618D-4EF1-8958-45A550979E0A}"
EndProject
Project("{D954291E-2A0B-460D-934E-DC6B0785DB48}") = "App.Business", "App.Business\App.Business.shproj", "{033F75FB-77D9-458A-9207-0D5C8A244EFB}"
EndProject
Project("{D954291E-2A0B-460D-934E-DC6B0785DB48}") = "App.Service", "App.Service\App.Service.shproj", "{FB8C3B4D-756F-40A5-AE15-C4E11977F0CF}"
EndProject
Project("{FAE04EC0-301F-11D3-BF4B-00C04F79EFBC}") = "LottoAuswerter.Android", "LottoAuswerter.Android\LottoAuswerter.Android.csproj", "{7539F143-3895-463B-859E-A9178C806E86}"
EndProject
Global
	GlobalSection(SharedMSBuildProjectFiles) = preSolution
		App.Business\App.Business.projitems*{033f75fb-77d9-458a-9207-0d5c8a244efb}*SharedItemsImports = 13
		App.Business\App.Business.projitems*{7539f143-3895-463b-859e-a9178c806e86}*SharedItemsImports = 4
		App.Service\App.Service.projitems*{7539f143-3895-463b-859e-a9178c806e86}*SharedItemsImports = 4
		TestApp\TestApp\TestApp.projitems*{7539f143-3895-463b-859e-a9178c806e86}*SharedItemsImports = 4
		TestApp\TestApp\TestApp.projitems*{f9aa70d3-618d-4ef1-8958-45a550979e0a}*SharedItemsImports = 13
		App.Service\App.Service.projitems*{fb8c3b4d-756f-40a5-ae15-c4e11977f0cf}*SharedItemsImports = 13
	EndGlobalSection
	GlobalSection(SolutionConfigurationPlatforms) = preSolution
		Debug|Any CPU = Debug|Any CPU
		Debug|iPhone = Debug|iPhone
		Debug|iPhoneSimulator = Debug|iPhoneSimulator
		Release|Any CPU = Release|Any CPU
		Release|iPhone = Release|iPhone
		Release|iPhoneSimulator = Release|iPhoneSimulator
	EndGlobalSection
	GlobalSection(ProjectConfigurationPlatforms) = postSolution
		{7539F143-3895-463B-859E-A9178C806E86}.Debug|Any CPU.ActiveCfg = Debug|Any CPU
		{7539F143-3895-463B-859E-A9178C806E86}.Debug|Any CPU.Build.0 = Debug|Any CPU
		{7539F143-3895-463B-859E-A9178C806E86}.Debug|Any CPU.Deploy.0 = Debug|Any CPU
		{7539F143-3895-463B-859E-A9178C806E86}.Debug|iPhone.ActiveCfg = Debug|Any CPU
		{7539F143-3895-463B-859E-A9178C806E86}.Debug|iPhone.Build.0 = Debug|Any CPU
		{7539F143-3895-463B-859E-A9178C806E86}.Debug|iPhone.Deploy.0 = Debug|Any CPU
		{7539F143-3895-463B-859E-A9178C806E86}.Debug|iPhoneSimulator.ActiveCfg = Debug|Any CPU
		{7539F143-3895-463B-859E-A9178C806E86}.Debug|iPhoneSimulator.Build.0 = Debug|Any CPU
		{7539F143-3895-463B-859E-A9178C806E86}.Debug|iPhoneSimulator.Deploy.0 = Debug|Any CPU
		{7539F143-3895-463B-859E-A9178C806E86}.Release|Any CPU.ActiveCfg = Release|Any CPU
		{7539F143-3895-463B-859E-A9178C806E86}.Release|Any CPU.Build.0 = Release|Any CPU
		{7539F143-3895-463B-859E-A9178C806E86}.Release|Any CPU.Deploy.0 = Release|Any CPU
		{7539F143-3895-463B-859E-A9178C806E86}.Release|iPhone.ActiveCfg = Release|Any CPU
		{7539F143-3895-463B-859E-A9178C806E86}.Release|iPhone.Build.0 = Release|Any CPU
		{7539F143-3895-463B-859E-A9178C806E86}.Release|iPhone.Deploy.0 = Release|Any CPU
		{7539F143-3895-463B-859E-A9178C806E86}.Release|iPhoneSimulator.ActiveCfg = Release|Any CPU
		{7539F143-3895-463B-859E-A9178C806E86}.Release|iPhoneSimulator.Build.0 = Release|Any CPU
		{7539F143-3895-463B-859E-A9178C806E86}.Release|iPhoneSimulator.Deploy.0 = Release|Any CPU
	EndGlobalSection
	GlobalSection(SolutionProperties) = preSolution
		HideSolutionNode = FALSE
	EndGlobalSection
	GlobalSection(ExtensibilityGlobals) = postSolution
		SolutionGuid = {39FEF51B-483B-4B13-91EF-C16049BB36B7}
	EndGlobalSection
EndGlobal
